
Microsoft Visual Studio Solution File, Format Version 12.00
# Visual Studio Version 16
VisualStudioVersion = 16.0.29709.97
MinimumVisualStudioVersion = 10.0.40219.1
Project("{FAE04EC0-301F-11D3-BF4B-00C04F79EFBC}") = "FLAUIPOC", "FLAUIPOC\FLAUIPOC.csproj", "{5A90B07C-E4D9-4F80-9411-19B812186B08}"
EndProject
Global
	GlobalSection(SolutionConfigurationPlatforms) = preSolution
		Debug|Any CPU = Debug|Any CPU
		Release|Any CPU = Release|Any CPU
	EndGlobalSection
	GlobalSection(ProjectConfigurationPlatforms) = postSolution
		{5A90B07C-E4D9-4F80-9411-19B812186B08}.Debug|Any CPU.ActiveCfg = Debug|Any CPU
		{5A90B07C-E4D9-4F80-9411-19B812186B08}.Debug|Any CPU.Build.0 = Debug|Any CPU
		{5A90B07C-E4D9-4F80-9411-19B812186B08}.Release|Any CPU.ActiveCfg = Release|Any CPU
		{5A90B07C-E4D9-4F80-9411-19B812186B08}.Release|Any CPU.Build.0 = Release|Any CPU
	EndGlobalSection
	GlobalSection(SolutionProperties) = preSolution
		HideSolutionNode = FALSE
	EndGlobalSection
	GlobalSection(ExtensibilityGlobals) = postSolution
		SolutionGuid = {0A1D825F-5879-4C44-B508-1FDA61E734AE}
	EndGlobalSection
EndGlobal
